PODS:
  - Alamofire (5.10.1)
  - AppAuth (1.7.5):
    - AppAuth/Core (= 1.7.5)
    - AppAuth/ExternalUserAgent (= 1.7.5)
  - AppAuth/Core (1.7.5)
  - AppAuth/ExternalUserAgent (1.7.5):
    - AppAuth/Core
  - BrightFutures (8.2.0)
  - CryptoSwift (1.8.3)
  - DeviceKit (5.5.0)
  - GoogleSignIn (7.1.0):
    - AppAuth (< 2.0, >= 1.7.3)
    - GTMAppAuth (< 5.0, >= 4.1.1)
    - GTMSessionFetcher/Core (~> 3.3)
  - GTMAppAuth (4.1.1):
    - AppAuth/Core (~> 1.7)
    - GTMSessionFetcher/Core (< 4.0, >= 3.3)
  - GTMSessionFetcher/Core (3.5.0)
  - Reach5 (7.1.3):
    - Alamofire (~> 5.8)
    - BrightFutures (~> 8.2.0)
    - CryptoSwift (~> 1.8)
    - DeviceKit (~> 5.1)
  - Reach5Google (7.1.1):
    - GoogleSignIn (~> 7)
    - Reach5

DEPENDENCIES:
  - Reach5
  - Reach5Google (from `Reach5Google.podspec`)

SPEC REPOS:
  trunk:
    - Alamofire
    - AppAuth
    - BrightFutures
    - CryptoSwift
    - DeviceKit
    - GoogleSignIn
    - GTMAppAuth
    - GTMSessionFetcher
    - Reach5

EXTERNAL SOURCES:
  Reach5Google:
    :path: Reach5Google.podspec

SPEC CHECKSUMS:
  Alamofire: 840d2a1ad82355b536ec6ba5f97e5bfa54600ca3
  AppAuth: 501c04eda8a8d11f179dbe8637b7a91bb7e5d2fa
  BrightFutures: 67e0e8cd974ab9f6c04650cc64153f7adf1ec489
  CryptoSwift: 967f37cea5a3294d9cce358f78861652155be483
  DeviceKit: d83e38ca196a4ebf0cc5f37d6f0316a24b794d5b
  GoogleSignIn: d4281ab6cf21542b1cfaff85c191f230b399d2db
  GTMAppAuth: f69bd07d68cd3b766125f7e072c45d7340dea0de
  GTMSessionFetcher: 5aea5ba6bd522a239e236100971f10cb71b96ab6
  Reach5: 0de298501e3f13d919bdf2c5729c99b689c52b52
  Reach5Google: ea87e0e03c6e9f65d3a735cffc4c83f35521cfe6

PODFILE CHECKSUM: 9e45465699723470728359495775b9d174424711

COCOAPODS: 1.16.2
