PODS:
  - Alamofire (5.10.2)
  - AppAuth (1.7.6):
    - AppAuth/Core (= 1.7.6)
    - AppAuth/ExternalUserAgent (= 1.7.6)
  - AppAuth/Core (1.7.6)
  - AppAuth/ExternalUserAgent (1.7.6):
    - AppAuth/Core
  - BrightFutures (8.2.0)
  - CryptoSwift (1.8.4)
  - DeviceKit (5.6.0)
  - GoogleSignIn (7.1.0):
    - AppAuth (< 2.0, >= 1.7.3)
    - GTMAppAuth (< 5.0, >= 4.1.1)
    - GTMSessionFetcher/Core (~> 3.3)
  - GTMAppAuth (4.1.1):
    - AppAuth/Core (~> 1.7)
    - GTMSessionFetcher/Core (< 4.0, >= 3.3)
  - GTMSessionFetcher/Core (3.5.0)
  - Reach5 (8.2.0):
    - Alamofire (~> 5.8)
    - BrightFutures (~> 8.2.0)
    - CryptoSwift (~> 1.8)
    - DeviceKit (~> 5.1)
  - Reach5Google (7.1.3):
    - GoogleSignIn (~> 7)
    - Reach5 (>= 7.1.4)

DEPENDENCIES:
  - Reach5 (< 9, >= 7.1.4)
  - Reach5Google (from `Reach5Google.podspec`)

SPEC REPOS:
  trunk:
    - Alamofire
    - AppAuth
    - BrightFutures
    - CryptoSwift
    - DeviceKit
    - GoogleSignIn
    - GTMAppAuth
    - GTMSessionFetcher
    - Reach5

EXTERNAL SOURCES:
  Reach5Google:
    :path: Reach5Google.podspec

SPEC CHECKSUMS:
  Alamofire: 7193b3b92c74a07f85569e1a6c4f4237291e7496
  AppAuth: d4f13a8fe0baf391b2108511793e4b479691fb73
  BrightFutures: 67e0e8cd974ab9f6c04650cc64153f7adf1ec489
  CryptoSwift: e64e11850ede528a02a0f3e768cec8e9d92ecb90
  DeviceKit: 9f2e0b68984a384f864b0f4e40a54bae43636bd8
  GoogleSignIn: d4281ab6cf21542b1cfaff85c191f230b399d2db
  GTMAppAuth: f69bd07d68cd3b766125f7e072c45d7340dea0de
  GTMSessionFetcher: 5aea5ba6bd522a239e236100971f10cb71b96ab6
  Reach5: f0c9be416df8280e2135dfd8d98e72c783fae7a9
  Reach5Google: 56190805ce8c9d663933accc29fd91a74300c3b7

PODFILE CHECKSUM: db0f132df8445815a4d3b8593e68240c00768c47

COCOAPODS: 1.16.2
